
Microsoft Visual Studio Solution File, Format Version 12.00
# Visual Studio Version 17
VisualStudioVersion = 17.13.35919.96 d17.13
MinimumVisualStudioVersion = 10.0.40219.1
Project("{FAE04EC0-301F-11D3-BF4B-00C04F79EFBC}") = "PT5_6", "PT5_6\PT5_6.csproj", "{D6F25C5A-8A8F-4F7B-8172-E94821A56ACD}"
EndProject
Global
	GlobalSection(SolutionConfigurationPlatforms) = preSolution
		Debug|Any CPU = Debug|Any CPU
		Release|Any CPU = Release|Any CPU
	EndGlobalSection
	GlobalSection(ProjectConfigurationPlatforms) = postSolution
		{D6F25C5A-8A8F-4F7B-8172-E94821A56ACD}.Debug|Any CPU.ActiveCfg = Debug|Any CPU
		{D6F25C5A-8A8F-4F7B-8172-E94821A56ACD}.Debug|Any CPU.Build.0 = Debug|Any CPU
		{D6F25C5A-8A8F-4F7B-8172-E94821A56ACD}.Release|Any CPU.ActiveCfg = Release|Any CPU
		{D6F25C5A-8A8F-4F7B-8172-E94821A56ACD}.Release|Any CPU.Build.0 = Release|Any CPU
	EndGlobalSection
	GlobalSection(SolutionProperties) = preSolution
		HideSolutionNode = FALSE
	EndGlobalSection
	GlobalSection(ExtensibilityGlobals) = postSolution
		SolutionGuid = {E68FC8E7-D85E-4C23-91D6-19E8930B4A90}
	EndGlobalSection
EndGlobal
